schema: '2.0'
stages:
  prepare:
    cmd: python -m src.data.prepare
    deps:
    - path: data/raw/Telco-Customer-Churn.csv
      hash: md5
      md5: 3b0bfab28a8101b4e4fdd08025a5c235
      size: 970457
    - path: src/config.py
      hash: md5
      md5: 1d627b08b532257713d1a677a81b28ce
      size: 475
    - path: src/data/prepare.py
      hash: md5
      md5: 4db95f1fa00e3c347c5faca5b0c492ca
      size: 1057
    - path: src/data/validate.py
      hash: md5
      md5: cd5fd9beafc3a9c24301a04c22c61a43
      size: 813
    params:
      params.yaml:
        data.target_column: Churn
        data.test_size: 0.2
        project.random_state: 42
    outs:
    - path: data/processed
      hash: md5
      md5: 33c79d236ff7b25f54e2fd94a75123cd.dir
      size: 885731
      nfiles: 2
  train:
    cmd: python -m src.models.train
    deps:
    - path: data/processed/train.csv
      hash: md5
      md5: 94a252cfbf9bf2847e6835168bbfff1b
      size: 708211
    - path: src/models/train.py
      hash: md5
      md5: b77858476611ed89c51c75967bbbbd08
      size: 1978
      isexec: true
    params:
      params.yaml:
        data.target_column: Churn
        model:
          algorithm: random_forest
          n_estimators: 100
          max_depth: 8
          class_weight: balanced
        project.random_state: 42
    outs:
    - path: models/model.joblib
      hash: md5
      md5: 656a7e014898859d29b0f0308e7ee4d1
      size: 2884123
  evaluate:
    cmd: python -m src.models.evaluate
    deps:
    - path: data/processed/test.csv
      hash: md5
      md5: 25b3aeca7dd1d5ab1d5db9bb2997172f
      size: 177520
    - path: models/model.joblib
      hash: md5
      md5: 656a7e014898859d29b0f0308e7ee4d1
      size: 2884123
    - path: src/models/evaluate.py
      hash: md5
      md5: c6532236168e7023884af5b87e42aca6
      size: 1345
      isexec: true
    params:
      params.yaml:
        data.target_column: Churn
    outs:
    - path: metrics.json
      hash: md5
      md5: 5ee3b033c033ef6d569249618ece40ae
      size: 164
