schema: '2.0'
stages:
  prepare:
    cmd: python -m src.data.prepare
    deps:
    - path: data/raw/Telco-Customer-Churn.csv
      hash: md5
      md5: 3b0bfab28a8101b4e4fdd08025a5c235
      size: 970457
    - path: src/config.py
      hash: md5
      md5: 1d627b08b532257713d1a677a81b28ce
      size: 475
    - path: src/data/prepare.py
      hash: md5
      md5: 5eb27d6f0ebf956f77b495477eb32446
      size: 1015
    - path: src/data/validate.py
      hash: md5
      md5: cd5fd9beafc3a9c24301a04c22c61a43
      size: 813
    params:
      params.yaml:
        data.target_column: Churn
        data.test_size: 0.2
        project.random_state: 42
    outs:
    - path: data/processed
      hash: md5
      md5: 3f7937557cdb81b9975fdd79b57df402.dir
      size: 892776
      nfiles: 2
  train:
    cmd: python -m src.models.train
    deps:
    - path: data/processed/train.csv
      hash: md5
      md5: fe26dee9f314acb62fa4c23bbf38009a
      size: 713846
    - path: src/models/train.py
      hash: md5
      md5: b77858476611ed89c51c75967bbbbd08
      size: 1978
    params:
      params.yaml:
        data.target_column: Churn
        model:
          algorithm: random_forest
          n_estimators: 100
          max_depth: 6
          class_weight: balanced
        project.random_state: 42
    outs:
    - path: models/model.joblib
      hash: md5
      md5: 643b8f7430e55b85dd4b5bc7f5a6fc5e
      size: 1026491
  evaluate:
    cmd: python -m src.models.evaluate
    deps:
    - path: data/processed/test.csv
      hash: md5
      md5: ac020a37d10b95fa0d00b6d748866378
      size: 178930
    - path: models/model.joblib
      hash: md5
      md5: 643b8f7430e55b85dd4b5bc7f5a6fc5e
      size: 1026491
    - path: src/models/evaluate.py
      hash: md5
      md5: acac2c82c634760145757bf9c5a4cfe4
      size: 1331
    params:
      params.yaml:
        data.target_column: Churn
    outs:
    - path: metrics.json
      hash: md5
      md5: 20896557bf9d14f306289bdf9cd38cbf
      size: 169
